{
  "name": "ts-script-boilerplate",
  "version": "1.0.0",
  "lockfileVersion": 2,
  "requires": true,
  "packages": {
    "": {
      "name": "ts-script-boilerplate",
      "version": "1.0.0",
      "license": "ISC",
      "dependencies": {
        "@swc/core": "^1.3.32"
      }
    },
    "node_modules/@swc/core": {
      "version": "1.3.32",
      "resolved": "https://registry.npmjs.org/@swc/core/-/core-1.3.32.tgz",
      "integrity": "sha512-Yx/n1j+uUkcqlJAW8IRg8Qymgkdow6NHJZPFShiR0YiaYq2sXY+JHmvh16O6GkL91Y+gTlDUS7uVgDz50czJUQ==",
      "hasInstallScript": true,
      "engines": {
        "node": ">=10"
      },
      "funding": {
        "type": "opencollective",
        "url": "https://opencollective.com/swc"
      },
      "optionalDependencies": {
        "@swc/core-darwin-arm64": "1.3.32",
        "@swc/core-darwin-x64": "1.3.32",
        "@swc/core-linux-arm-gnueabihf": "1.3.32",
        "@swc/core-linux-arm64-gnu": "1.3.32",
        "@swc/core-linux-arm64-musl": "1.3.32",
        "@swc/core-linux-x64-gnu": "1.3.32",
        "@swc/core-linux-x64-musl": "1.3.32",
        "@swc/core-win32-arm64-msvc": "1.3.32",
        "@swc/core-win32-ia32-msvc": "1.3.32",
        "@swc/core-win32-x64-msvc": "1.3.32"
      }
    },
    "node_modules/@swc/core-darwin-arm64": {
      "version": "1.3.32",
      "resolved": "https://registry.npmjs.org/@swc/core-darwin-arm64/-/core-darwin-arm64-1.3.32.tgz",
      "integrity": "sha512-o19bhlxuUgjUElm6i+QhXgZ0vD6BebiB/gQpK3en5aAwhOvinwr4sah3GqFXsQzz/prKVDuMkj9SW6F/Ug5hgg==",
      "cpu": [
        "arm64"
      ],
      "optional": true,
      "os": [
        "darwin"
      ],
      "engines": {
        "node": ">=10"
      }
    },
    "node_modules/@swc/core-darwin-x64": {
      "version": "1.3.32",
      "resolved": "https://registry.npmjs.org/@swc/core-darwin-x64/-/core-darwin-x64-1.3.32.tgz",
      "integrity": "sha512-hVEGd+v5Afh+YekGADOGKwhuS4/AXk91nLuk7pmhWkk8ceQ1cfmah90kXjIXUlCe2G172MLRfHNWlZxr29E/Og==",
      "cpu": [
        "x64"
      ],
      "optional": true,
      "os": [
        "darwin"
      ],
      "engines": {
        "node": ">=10"
      }
    },
    "node_modules/@swc/core-linux-arm-gnueabihf": {
      "version": "1.3.32",
      "resolved": "https://registry.npmjs.org/@swc/core-linux-arm-gnueabihf/-/core-linux-arm-gnueabihf-1.3.32.tgz",
      "integrity": "sha512-5X01WqI9EbJ69oHAOGlI08YqvEIXMfT/mCJ1UWDQBb21xWRE2W1yFAAeuqOLtiagLrXjPv/UKQ0S2gyWQR5AXQ==",
      "cpu": [
        "arm"
      ],
      "optional": true,
      "os": [
        "linux"
      ],
      "engines": {
        "node": ">=10"
      }
    },
    "node_modules/@swc/core-linux-arm64-gnu": {
      "version": "1.3.32",
      "resolved": "https://registry.npmjs.org/@swc/core-linux-arm64-gnu/-/core-linux-arm64-gnu-1.3.32.tgz",
      "integrity": "sha512-PTJ6oPiutkNBg+m22bUUPa4tNuMmsgpSnsnv2wnWVOgK0lhvQT6bAPTUXDq/8peVAgR/SlpP2Ht8TRRqYMRjRQ==",
      "cpu": [
        "arm64"
      ],
      "optional": true,
      "os": [
        "linux"
      ],
      "engines": {
        "node": ">=10"
      }
    },
    "node_modules/@swc/core-linux-arm64-musl": {
      "version": "1.3.32",
      "resolved": "https://registry.npmjs.org/@swc/core-linux-arm64-musl/-/core-linux-arm64-musl-1.3.32.tgz",
      "integrity": "sha512-lG0VOuYNPWOCJ99Aza69cTljjeft/wuRQeYFF8d+1xCQS/OT7gnbgi7BOz39uSHIPTBqfzdIsuvzdKlp9QydrQ==",
      "cpu": [
        "arm64"
      ],
      "optional": true,
      "os": [
        "linux"
      ],
      "engines": {
        "node": ">=10"
      }
    },
    "node_modules/@swc/core-linux-x64-gnu": {
      "version": "1.3.32",
      "resolved": "https://registry.npmjs.org/@swc/core-linux-x64-gnu/-/core-linux-x64-gnu-1.3.32.tgz",
      "integrity": "sha512-ecqtSWX4NBrs7Ji2VX3fDWeqUfrbLlYqBuufAziCM27xMxwlAVgmyGQk4FYgoQ3SAUAu3XFH87+3Q7uWm2X7xg==",
      "cpu": [
        "x64"
      ],
      "optional": true,
      "os": [
        "linux"
      ],
      "engines": {
        "node": ">=10"
      }
    },
    "node_modules/@swc/core-linux-x64-musl": {
      "version": "1.3.32",
      "resolved": "https://registry.npmjs.org/@swc/core-linux-x64-musl/-/core-linux-x64-musl-1.3.32.tgz",
      "integrity": "sha512-rl3dMcUuENVkpk5NGW/LXovjK0+JFm4GWPjy4NM3Q5cPvhBpGwSeLZlR+zAw9K0fdGoIXiayRTTfENrQwwsH+g==",
      "cpu": [
        "x64"
      ],
      "optional": true,
      "os": [
        "linux"
      ],
      "engines": {
        "node": ">=10"
      }
    },
    "node_modules/@swc/core-win32-arm64-msvc": {
      "version": "1.3.32",
      "resolved": "https://registry.npmjs.org/@swc/core-win32-arm64-msvc/-/core-win32-arm64-msvc-1.3.32.tgz",
      "integrity": "sha512-VlybAZp8DcS66CH1LDnfp9zdwbPlnGXREtHDMHaBfK9+80AWVTg+zn0tCYz+HfcrRONqxbudwOUIPj+dwl/8jw==",
      "cpu": [
        "arm64"
      ],
      "optional": true,
      "os": [
        "win32"
      ],
      "engines": {
        "node": ">=10"
      }
    },
    "node_modules/@swc/core-win32-ia32-msvc": {
      "version": "1.3.32",
      "resolved": "https://registry.npmjs.org/@swc/core-win32-ia32-msvc/-/core-win32-ia32-msvc-1.3.32.tgz",
      "integrity": "sha512-MEUMdpUFIQ+RD+K/iHhHKfu0TFNj9VXwIxT5hmPeqyboKo095CoFEFBJ0sHG04IGlnu8T9i+uE2Pi18qUEbFug==",
      "cpu": [
        "ia32"
      ],
      "optional": true,
      "os": [
        "win32"
      ],
      "engines": {
        "node": ">=10"
      }
    },
    "node_modules/@swc/core-win32-x64-msvc": {
      "version": "1.3.32",
      "resolved": "https://registry.npmjs.org/@swc/core-win32-x64-msvc/-/core-win32-x64-msvc-1.3.32.tgz",
      "integrity": "sha512-DPMoneNFQco7SqmVVOUv1Vn53YmoImEfrAPMY9KrqQzgfzqNTuL2JvfxUqfAxwQ6pEKYAdyKJvZ483rIhgG9XQ==",
      "cpu": [
        "x64"
      ],
      "optional": true,
      "os": [
        "win32"
      ],
      "engines": {
        "node": ">=10"
      }
    }
  },
  "dependencies": {
    "@swc/core": {
      "version": "1.3.32",
      "resolved": "https://registry.npmjs.org/@swc/core/-/core-1.3.32.tgz",
      "integrity": "sha512-Yx/n1j+uUkcqlJAW8IRg8Qymgkdow6NHJZPFShiR0YiaYq2sXY+JHmvh16O6GkL91Y+gTlDUS7uVgDz50czJUQ==",
      "requires": {
        "@swc/core-darwin-arm64": "1.3.32",
        "@swc/core-darwin-x64": "1.3.32",
        "@swc/core-linux-arm-gnueabihf": "1.3.32",
        "@swc/core-linux-arm64-gnu": "1.3.32",
        "@swc/core-linux-arm64-musl": "1.3.32",
        "@swc/core-linux-x64-gnu": "1.3.32",
        "@swc/core-linux-x64-musl": "1.3.32",
        "@swc/core-win32-arm64-msvc": "1.3.32",
        "@swc/core-win32-ia32-msvc": "1.3.32",
        "@swc/core-win32-x64-msvc": "1.3.32"
      }
    },
    "@swc/core-darwin-arm64": {
      "version": "1.3.32",
      "resolved": "https://registry.npmjs.org/@swc/core-darwin-arm64/-/core-darwin-arm64-1.3.32.tgz",
      "integrity": "sha512-o19bhlxuUgjUElm6i+QhXgZ0vD6BebiB/gQpK3en5aAwhOvinwr4sah3GqFXsQzz/prKVDuMkj9SW6F/Ug5hgg==",
      "optional": true
    },
    "@swc/core-darwin-x64": {
      "version": "1.3.32",
      "resolved": "https://registry.npmjs.org/@swc/core-darwin-x64/-/core-darwin-x64-1.3.32.tgz",
      "integrity": "sha512-hVEGd+v5Afh+YekGADOGKwhuS4/AXk91nLuk7pmhWkk8ceQ1cfmah90kXjIXUlCe2G172MLRfHNWlZxr29E/Og==",
      "optional": true
    },
    "@swc/core-linux-arm-gnueabihf": {
      "version": "1.3.32",
      "resolved": "https://registry.npmjs.org/@swc/core-linux-arm-gnueabihf/-/core-linux-arm-gnueabihf-1.3.32.tgz",
      "integrity": "sha512-5X01WqI9EbJ69oHAOGlI08YqvEIXMfT/mCJ1UWDQBb21xWRE2W1yFAAeuqOLtiagLrXjPv/UKQ0S2gyWQR5AXQ==",
      "optional": true
    },
    "@swc/core-linux-arm64-gnu": {
      "version": "1.3.32",
      "resolved": "https://registry.npmjs.org/@swc/core-linux-arm64-gnu/-/core-linux-arm64-gnu-1.3.32.tgz",
      "integrity": "sha512-PTJ6oPiutkNBg+m22bUUPa4tNuMmsgpSnsnv2wnWVOgK0lhvQT6bAPTUXDq/8peVAgR/SlpP2Ht8TRRqYMRjRQ==",
      "optional": true
    },
    "@swc/core-linux-arm64-musl": {
      "version": "1.3.32",
      "resolved": "https://registry.npmjs.org/@swc/core-linux-arm64-musl/-/core-linux-arm64-musl-1.3.32.tgz",
      "integrity": "sha512-lG0VOuYNPWOCJ99Aza69cTljjeft/wuRQeYFF8d+1xCQS/OT7gnbgi7BOz39uSHIPTBqfzdIsuvzdKlp9QydrQ==",
      "optional": true
    },
    "@swc/core-linux-x64-gnu": {
      "version": "1.3.32",
      "resolved": "https://registry.npmjs.org/@swc/core-linux-x64-gnu/-/core-linux-x64-gnu-1.3.32.tgz",
      "integrity": "sha512-ecqtSWX4NBrs7Ji2VX3fDWeqUfrbLlYqBuufAziCM27xMxwlAVgmyGQk4FYgoQ3SAUAu3XFH87+3Q7uWm2X7xg==",
      "optional": true
    },
    "@swc/core-linux-x64-musl": {
      "version": "1.3.32",
      "resolved": "https://registry.npmjs.org/@swc/core-linux-x64-musl/-/core-linux-x64-musl-1.3.32.tgz",
      "integrity": "sha512-rl3dMcUuENVkpk5NGW/LXovjK0+JFm4GWPjy4NM3Q5cPvhBpGwSeLZlR+zAw9K0fdGoIXiayRTTfENrQwwsH+g==",
      "optional": true
    },
    "@swc/core-win32-arm64-msvc": {
      "version": "1.3.32",
      "resolved": "https://registry.npmjs.org/@swc/core-win32-arm64-msvc/-/core-win32-arm64-msvc-1.3.32.tgz",
      "integrity": "sha512-VlybAZp8DcS66CH1LDnfp9zdwbPlnGXREtHDMHaBfK9+80AWVTg+zn0tCYz+HfcrRONqxbudwOUIPj+dwl/8jw==",
      "optional": true
    },
    "@swc/core-win32-ia32-msvc": {
      "version": "1.3.32",
      "resolved": "https://registry.npmjs.org/@swc/core-win32-ia32-msvc/-/core-win32-ia32-msvc-1.3.32.tgz",
      "integrity": "sha512-MEUMdpUFIQ+RD+K/iHhHKfu0TFNj9VXwIxT5hmPeqyboKo095CoFEFBJ0sHG04IGlnu8T9i+uE2Pi18qUEbFug==",
      "optional": true
    },
    "@swc/core-win32-x64-msvc": {
      "version": "1.3.32",
      "resolved": "https://registry.npmjs.org/@swc/core-win32-x64-msvc/-/core-win32-x64-msvc-1.3.32.tgz",
      "integrity": "sha512-DPMoneNFQco7SqmVVOUv1Vn53YmoImEfrAPMY9KrqQzgfzqNTuL2JvfxUqfAxwQ6pEKYAdyKJvZ483rIhgG9XQ==",
      "optional": true
    }
  }
}
